// !$*UTF8*$!
{
	archiveVersion = 1;
	classes = {
	};
	objectVersion = 55;
	objects = {

/* Begin PBXBuildFile section */
		A84EE16F293D9DEE00AEF1C9 /* UI_TaskApp.swift in Sources */ = {isa = PBXBuildFile; fileRef = A84EE16E293D9DEE00AEF1C9 /* UI_TaskApp.swift */; };
		A84EE171293D9DEE00AEF1C9 /* ContentView.swift in Sources */ = {isa = PBXBuildFile; fileRef = A84EE170293D9DEE00AEF1C9 /* ContentView.swift */; };
		A84EE173293D9DF000AEF1C9 /* Assets.xcassets in Resources */ = {isa = PBXBuildFile; fileRef = A84EE172293D9DF000AEF1C9 /* Assets.xcassets */; };
		A84EE176293D9DF000AEF1C9 /* Preview Assets.xcassets in Resources */ = {isa = PBXBuildFile; fileRef = A84EE175293D9DF000AEF1C9 /* Preview Assets.xcassets */; };
		A84EE180293D9DF000AEF1C9 /* UI_TaskTests.swift in Sources */ = {isa = PBXBuildFile; fileRef = A84EE17F293D9DF000AEF1C9 /* UI_TaskTests.swift */; };
		A84EE18A293D9DF000AEF1C9 /* UI_TaskUITests.swift in Sources */ = {isa = PBXBuildFile; fileRef = A84EE189293D9DF000AEF1C9 /* UI_TaskUITests.swift */; };
		A84EE18C293D9DF000AEF1C9 /* UI_TaskUITestsLaunchTests.swift in Sources */ = {isa = PBXBuildFile; fileRef = A84EE18B293D9DF000AEF1C9 /* UI_TaskUITestsLaunchTests.swift */; };
/* End PBXBuildFile section */

/* Begin PBXContainerItemProxy section */
		A84EE17C293D9DF000AEF1C9 /* PBXContainerItemProxy */ = {
			isa = PBXContainerItemProxy;
			containerPortal = A84EE163293D9DEE00AEF1C9 /* Project object */;
			proxyType = 1;
			remoteGlobalIDString = A84EE16A293D9DEE00AEF1C9;
			remoteInfo = "UI Task";
		};
		A84EE186293D9DF000AEF1C9 /* PBXContainerItemProxy */ = {
			isa = PBXContainerItemProxy;
			containerPortal = A84EE163293D9DEE00AEF1C9 /* Project object */;
			proxyType = 1;
			remoteGlobalIDString = A84EE16A293D9DEE00AEF1C9;
			remoteInfo = "UI Task";
		};
/* End PBXContainerItemProxy section */

/* Begin PBXFileReference section */
		A84EE16B293D9DEE00AEF1C9 /* UI Task.app */ = {isa = PBXFileReference; explicitFileType = wrapper.application; includeInIndex = 0; path = "UI Task.app"; sourceTree = BUILT_PRODUCTS_DIR; };
		A84EE16E293D9DEE00AEF1C9 /* UI_TaskApp.swift */ = {isa = PBXFileReference; lastKnownFileType = sourcecode.swift; path = UI_TaskApp.swift; sourceTree = "<group>"; };
		A84EE170293D9DEE00AEF1C9 /* ContentView.swift */ = {isa = PBXFileReference; lastKnownFileType = sourcecode.swift; path = ContentView.swift; sourceTree = "<group>"; };
		A84EE172293D9DF000AEF1C9 /* Assets.xcassets */ = {isa = PBXFileReference; lastKnownFileType = folder.assetcatalog; path = Assets.xcassets; sourceTree = "<group>"; };
		A84EE175293D9DF000AEF1C9 /* Preview Assets.xcassets */ = {isa = PBXFileReference; lastKnownFileType = folder.assetcatalog; path = "Preview Assets.xcassets"; sourceTree = "<group>"; };
		A84EE17B293D9DF000AEF1C9 /* UI TaskTests.xctest */ = {isa = PBXFileReference; explicitFileType = wrapper.cfbundle; includeInIndex = 0; path = "UI TaskTests.xctest"; sourceTree = BUILT_PRODUCTS_DIR; };
		A84EE17F293D9DF000AEF1C9 /* UI_TaskTests.swift */ = {isa = PBXFileReference; lastKnownFileType = sourcecode.swift; path = UI_TaskTests.swift; sourceTree = "<group>"; };
		A84EE185293D9DF000AEF1C9 /* UI TaskUITests.xctest */ = {isa = PBXFileReference; explicitFileType = wrapper.cfbundle; includeInIndex = 0; path = "UI TaskUITests.xctest"; sourceTree = BUILT_PRODUCTS_DIR; };
		A84EE189293D9DF000AEF1C9 /* UI_TaskUITests.swift */ = {isa = PBXFileReference; lastKnownFileType = sourcecode.swift; path = UI_TaskUITests.swift; sourceTree = "<group>"; };
		A84EE18B293D9DF000AEF1C9 /* UI_TaskUITestsLaunchTests.swift */ = {isa = PBXFileReference; lastKnownFileType = sourcecode.swift; path = UI_TaskUITestsLaunchTests.swift; sourceTree = "<group>"; };
/* End PBXFileReference section */

/* Begin PBXFrameworksBuildPhase section */
		A84EE168293D9DEE00AEF1C9 /* Frameworks */ = {
			isa = PBXFrameworksBuildPhase;
			buildActionMask = 2147483647;
			files = (
			);
			runOnlyForDeploymentPostprocessing = 0;
		};
		A84EE178293D9DF000AEF1C9 /* Frameworks */ = {
			isa = PBXFrameworksBuildPhase;
			buildActionMask = 2147483647;
			files = (
			);
			runOnlyForDeploymentPostprocessing = 0;
		};
		A84EE182293D9DF000AEF1C9 /* Frameworks */ = {
			isa = PBXFrameworksBuildPhase;
			buildActionMask = 2147483647;
			files = (
			);
			runOnlyForDeploymentPostprocessing = 0;
		};
/* End PBXFrameworksBuildPhase section */

/* Begin PBXGroup section */
		A84EE162293D9DEE00AEF1C9 = {
			isa = PBXGroup;
			children = (
				A84EE16D293D9DEE00AEF1C9 /* UI Task */,
				A84EE17E293D9DF000AEF1C9 /* UI TaskTests */,
				A84EE188293D9DF000AEF1C9 /* UI TaskUITests */,
				A84EE16C293D9DEE00AEF1C9 /* Products */,
			);
			sourceTree = "<group>";
		};
		A84EE16C293D9DEE00AEF1C9 /* Products */ = {
			isa = PBXGroup;
			children = (
				A84EE16B293D9DEE00AEF1C9 /* UI Task.app */,
				A84EE17B293D9DF000AEF1C9 /* UI TaskTests.xctest */,
				A84EE185293D9DF000AEF1C9 /* UI TaskUITests.xctest */,
			);
			name = Products;
			sourceTree = "<group>";
		};
		A84EE16D293D9DEE00AEF1C9 /* UI Task */ = {
			isa = PBXGroup;
			children = (
				A84EE16E293D9DEE00AEF1C9 /* UI_TaskApp.swift */,
				A84EE170293D9DEE00AEF1C9 /* ContentView.swift */,
				A84EE172293D9DF000AEF1C9 /* Assets.xcassets */,
				A84EE174293D9DF000AEF1C9 /* Preview Content */,
			);
			path = "UI Task";
			sourceTree = "<group>";
		};
		A84EE174293D9DF000AEF1C9 /* Preview Content */ = {
			isa = PBXGroup;
			children = (
				A84EE175293D9DF000AEF1C9 /* Preview Assets.xcassets */,
			);
			path = "Preview Content";
			sourceTree = "<group>";
		};
		A84EE17E293D9DF000AEF1C9 /* UI TaskTests */ = {
			isa = PBXGroup;
			children = (
				A84EE17F293D9DF000AEF1C9 /* UI_TaskTests.swift */,
			);
			path = "UI TaskTests";
			sourceTree = "<group>";
		};
		A84EE188293D9DF000AEF1C9 /* UI TaskUITests */ = {
			isa = PBXGroup;
			children = (
				A84EE189293D9DF000AEF1C9 /* UI_TaskUITests.swift */,
				A84EE18B293D9DF000AEF1C9 /* UI_TaskUITestsLaunchTests.swift */,
			);
			path = "UI TaskUITests";
			sourceTree = "<group>";
		};
/* End PBXGroup section */

/* Begin PBXNativeTarget section */
		A84EE16A293D9DEE00AEF1C9 /* UI Task */ = {
			isa = PBXNativeTarget;
			buildConfigurationList = A84EE18F293D9DF000AEF1C9 /* Build configuration list for PBXNativeTarget "UI Task" */;
			buildPhases = (
				A84EE167293D9DEE00AEF1C9 /* Sources */,
				A84EE168293D9DEE00AEF1C9 /* Frameworks */,
				A84EE169293D9DEE00AEF1C9 /* Resources */,
			);
			buildRules = (
			);
			dependencies = (
			);
			name = "UI Task";
			productName = "UI Task";
			productReference = A84EE16B293D9DEE00AEF1C9 /* UI Task.app */;
			productType = "com.apple.product-type.application";
		};
		A84EE17A293D9DF000AEF1C9 /* UI TaskTests */ = {
			isa = PBXNativeTarget;
			buildConfigurationList = A84EE192293D9DF000AEF1C9 /* Build configuration list for PBXNativeTarget "UI TaskTests" */;
			buildPhases = (
				A84EE177293D9DF000AEF1C9 /* Sources */,
				A84EE178293D9DF000AEF1C9 /* Frameworks */,
				A84EE179293D9DF000AEF1C9 /* Resources */,
			);
			buildRules = (
			);
			dependencies = (
				A84EE17D293D9DF000AEF1C9 /* PBXTargetDependency */,
			);
			name = "UI TaskTests";
			productName = "UI TaskTests";
			productReference = A84EE17B293D9DF000AEF1C9 /* UI TaskTests.xctest */;
			productType = "com.apple.product-type.bundle.unit-test";
		};
		A84EE184293D9DF000AEF1C9 /* UI TaskUITests */ = {
			isa = PBXNativeTarget;
			buildConfigurationList = A84EE195293D9DF000AEF1C9 /* Build configuration list for PBXNativeTarget "UI TaskUITests" */;
			buildPhases = (
				A84EE181293D9DF000AEF1C9 /* Sources */,
				A84EE182293D9DF000AEF1C9 /* Frameworks */,
				A84EE183293D9DF000AEF1C9 /* Resources */,
			);
			buildRules = (
			);
			dependencies = (
				A84EE187293D9DF000AEF1C9 /* PBXTargetDependency */,
			);
			name = "UI TaskUITests";
			productName = "UI TaskUITests";
			productReference = A84EE185293D9DF000AEF1C9 /* UI TaskUITests.xctest */;
			productType = "com.apple.product-type.bundle.ui-testing";
		};
/* End PBXNativeTarget section */

/* Begin PBXProject section */
		A84EE163293D9DEE00AEF1C9 /* Project object */ = {
			isa = PBXProject;
			attributes = {
				BuildIndependentTargetsInParallel = 1;
				LastSwiftUpdateCheck = 1340;
				LastUpgradeCheck = 1340;
				TargetAttributes = {
					A84EE16A293D9DEE00AEF1C9 = {
						CreatedOnToolsVersion = 13.4.1;
					};
					A84EE17A293D9DF000AEF1C9 = {
						CreatedOnToolsVersion = 13.4.1;
						TestTargetID = A84EE16A293D9DEE00AEF1C9;
					};
					A84EE184293D9DF000AEF1C9 = {
						CreatedOnToolsVersion = 13.4.1;
						TestTargetID = A84EE16A293D9DEE00AEF1C9;
					};
				};
			};
			buildConfigurationList = A84EE166293D9DEE00AEF1C9 /* Build configuration list for PBXProject "UI Task" */;
			compatibilityVersion = "Xcode 13.0";
			developmentRegion = en;
			hasScannedForEncodings = 0;
			knownRegions = (
				en,
				Base,
			);
			mainGroup = A84EE162293D9DEE00AEF1C9;
			productRefGroup = A84EE16C293D9DEE00AEF1C9 /* Products */;
			projectDirPath = "";
			projectRoot = "";
			targets = (
				A84EE16A293D9DEE00AEF1C9 /* UI Task */,
				A84EE17A293D9DF000AEF1C9 /* UI TaskTests */,
				A84EE184293D9DF000AEF1C9 /* UI TaskUITests */,
			);
		};
/* End PBXProject section */

/* Begin PBXResourcesBuildPhase section */
		A84EE169293D9DEE00AEF1C9 /* Resources */ = {
			isa = PBXResourcesBuildPhase;
			buildActionMask = 2147483647;
			files = (
				A84EE176293D9DF000AEF1C9 /* Preview Assets.xcassets in Resources */,
				A84EE173293D9DF000AEF1C9 /* Assets.xcassets in Resources */,
			);
			runOnlyForDeploymentPostprocessing = 0;
		};
		A84EE179293D9DF000AEF1C9 /* Resources */ = {
			isa = PBXResourcesBuildPhase;
			buildActionMask = 2147483647;
			files = (
			);
			runOnlyForDeploymentPostprocessing = 0;
		};
		A84EE183293D9DF000AEF1C9 /* Resources */ = {
			isa = PBXResourcesBuildPhase;
			buildActionMask = 2147483647;
			files = (
			);
			runOnlyForDeploymentPostprocessing = 0;
		};
/* End PBXResourcesBuildPhase section */

/* Begin PBXSourcesBuildPhase section */
		A84EE167293D9DEE00AEF1C9 /* Sources */ = {
			isa = PBXSourcesBuildPhase;
			buildActionMask = 2147483647;
			files = (
				A84EE171293D9DEE00AEF1C9 /* ContentView.swift in Sources */,
				A84EE16F293D9DEE00AEF1C9 /* UI_TaskApp.swift in Sources */,
			);
			runOnlyForDeploymentPostprocessing = 0;
		};
		A84EE177293D9DF000AEF1C9 /* Sources */ = {
			isa = PBXSourcesBuildPhase;
			buildActionMask = 2147483647;
			files = (
				A84EE180293D9DF000AEF1C9 /* UI_TaskTests.swift in Sources */,
			);
			runOnlyForDeploymentPostprocessing = 0;
		};
		A84EE181293D9DF000AEF1C9 /* Sources */ = {
			isa = PBXSourcesBuildPhase;
			buildActionMask = 2147483647;
			files = (
				A84EE18A293D9DF000AEF1C9 /* UI_TaskUITests.swift in Sources */,
				A84EE18C293D9DF000AEF1C9 /* UI_TaskUITestsLaunchTests.swift in Sources */,
			);
			runOnlyForDeploymentPostprocessing = 0;
		};
/* End PBXSourcesBuildPhase section */

/* Begin PBXTargetDependency section */
		A84EE17D293D9DF000AEF1C9 /* PBXTargetDependency */ = {
			isa = PBXTargetDependency;
			target = A84EE16A293D9DEE00AEF1C9 /* UI Task */;
			targetProxy = A84EE17C293D9DF000AEF1C9 /* PBXContainerItemProxy */;
		};
		A84EE187293D9DF000AEF1C9 /* PBXTargetDependency */ = {
			isa = PBXTargetDependency;
			target = A84EE16A293D9DEE00AEF1C9 /* UI Task */;
			targetProxy = A84EE186293D9DF000AEF1C9 /* PBXContainerItemProxy */;
		};
/* End PBXTargetDependency section */

/* Begin XCBuildConfiguration section */
		A84EE18D293D9DF000AEF1C9 /* Debug */ = {
			isa = XCBuildConfiguration;
			buildSettings = {
				ALWAYS_SEARCH_USER_PATHS = NO;
				CLANG_ANALYZER_NONNULL = YES;
				CLANG_ANALYZER_NUMBER_OBJECT_CONVERSION = YES_AGGRESSIVE;
				CLANG_CXX_LANGUAGE_STANDARD = "gnu++17";
				CLANG_ENABLE_MODULES = YES;
				CLANG_ENABLE_OBJC_ARC = YES;
				CLANG_ENABLE_OBJC_WEAK = YES;
				CLANG_WARN_BLOCK_CAPTURE_AUTORELEASING = YES;
				CLANG_WARN_BOOL_CONVERSION = YES;
				CLANG_WARN_COMMA = YES;
				CLANG_WARN_CONSTANT_CONVERSION = YES;
				CLANG_WARN_DEPRECATED_OBJC_IMPLEMENTATIONS = YES;
				CLANG_WARN_DIRECT_OBJC_ISA_USAGE = YES_ERROR;
				CLANG_WARN_DOCUMENTATION_COMMENTS = YES;
				CLANG_WARN_EMPTY_BODY = YES;
				CLANG_WARN_ENUM_CONVERSION = YES;
				CLANG_WARN_INFINITE_RECURSION = YES;
				CLANG_WARN_INT_CONVERSION = YES;
				CLANG_WARN_NON_LITERAL_NULL_CONVERSION = YES;
				CLANG_WARN_OBJC_IMPLICIT_RETAIN_SELF = YES;
				CLANG_WARN_OBJC_LITERAL_CONVERSION = YES;
				CLANG_WARN_OBJC_ROOT_CLASS = YES_ERROR;
				CLANG_WARN_QUOTED_INCLUDE_IN_FRAMEWORK_HEADER = YES;
				CLANG_WARN_RANGE_LOOP_ANALYSIS = YES;
				CLANG_WARN_STRICT_PROTOTYPES = YES;
				CLANG_WARN_SUSPICIOUS_MOVE = YES;
				CLANG_WARN_UNGUARDED_AVAILABILITY = YES_AGGRESSIVE;
				CLANG_WARN_UNREACHABLE_CODE = YES;
				CLANG_WARN__DUPLICATE_METHOD_MATCH = YES;
				COPY_PHASE_STRIP = NO;
				DEBUG_INFORMATION_FORMAT = dwarf;
				ENABLE_STRICT_OBJC_MSGSEND = YES;
				ENABLE_TESTABILITY = YES;
				GCC_C_LANGUAGE_STANDARD = gnu11;
				GCC_DYNAMIC_NO_PIC = NO;
				GCC_NO_COMMON_BLOCKS = YES;
				GCC_OPTIMIZATION_LEVEL = 0;
				GCC_PREPROCESSOR_DEFINITIONS = (
					"DEBUG=1",
					"$(inherited)",
				);
				GCC_WARN_64_TO_32_BIT_CONVERSION = YES;
				GCC_WARN_ABOUT_RETURN_TYPE = YES_ERROR;
				GCC_WARN_UNDECLARED_SELECTOR = YES;
				GCC_WARN_UNINITIALIZED_AUTOS = YES_AGGRESSIVE;
				GCC_WARN_UNUSED_FUNCTION = YES;
				GCC_WARN_UNUSED_VARIABLE = YES;
				IPHONEOS_DEPLOYMENT_TARGET = 15.5;
				MTL_ENABLE_DEBUG_INFO = INCLUDE_SOURCE;
				MTL_FAST_MATH = YES;
				ONLY_ACTIVE_ARCH = YES;
				SDKROOT = iphoneos;
				SWIFT_ACTIVE_COMPILATION_CONDITIONS = DEBUG;
				SWIFT_OPTIMIZATION_LEVEL = "-Onone";
			};
			name = Debug;
		};
		A84EE18E293D9DF000AEF1C9 /* Release */ = {
			isa = XCBuildConfiguration;
			buildSettings = {
				ALWAYS_SEARCH_USER_PATHS = NO;
				CLANG_ANALYZER_NONNULL = YES;
				CLANG_ANALYZER_NUMBER_OBJECT_CONVERSION = YES_AGGRESSIVE;
				CLANG_CXX_LANGUAGE_STANDARD = "gnu++17";
				CLANG_ENABLE_MODULES = YES;
				CLANG_ENABLE_OBJC_ARC = YES;
				CLANG_ENABLE_OBJC_WEAK = YES;
				CLANG_WARN_BLOCK_CAPTURE_AUTORELEASING = YES;
				CLANG_WARN_BOOL_CONVERSION = YES;
				CLANG_WARN_COMMA = YES;
				CLANG_WARN_CONSTANT_CONVERSION = YES;
				CLANG_WARN_DEPRECATED_OBJC_IMPLEMENTATIONS = YES;
				CLANG_WARN_DIRECT_OBJC_ISA_USAGE = YES_ERROR;
				CLANG_WARN_DOCUMENTATION_COMMENTS = YES;
				CLANG_WARN_EMPTY_BODY = YES;
				CLANG_WARN_ENUM_CONVERSION = YES;
				CLANG_WARN_INFINITE_RECURSION = YES;
				CLANG_WARN_INT_CONVERSION = YES;
				CLANG_WARN_NON_LITERAL_NULL_CONVERSION = YES;
				CLANG_WARN_OBJC_IMPLICIT_RETAIN_SELF = YES;
				CLANG_WARN_OBJC_LITERAL_CONVERSION = YES;
				CLANG_WARN_OBJC_ROOT_CLASS = YES_ERROR;
				CLANG_WARN_QUOTED_INCLUDE_IN_FRAMEWORK_HEADER = YES;
				CLANG_WARN_RANGE_LOOP_ANALYSIS = YES;
				CLANG_WARN_STRICT_PROTOTYPES = YES;
				CLANG_WARN_SUSPICIOUS_MOVE = YES;
				CLANG_WARN_UNGUARDED_AVAILABILITY = YES_AGGRESSIVE;
				CLANG_WARN_UNREACHABLE_CODE = YES;
				CLANG_WARN__DUPLICATE_METHOD_MATCH = YES;
				COPY_PHASE_STRIP = NO;
				DEBUG_INFORMATION_FORMAT = "dwarf-with-dsym";
				ENABLE_NS_ASSERTIONS = NO;
				ENABLE_STRICT_OBJC_MSGSEND = YES;
				GCC_C_LANGUAGE_STANDARD = gnu11;
				GCC_NO_COMMON_BLOCKS = YES;
				GCC_WARN_64_TO_32_BIT_CONVERSION = YES;
				GCC_WARN_ABOUT_RETURN_TYPE = YES_ERROR;
				GCC_WARN_UNDECLARED_SELECTOR = YES;
				GCC_WARN_UNINITIALIZED_AUTOS = YES_AGGRESSIVE;
				GCC_WARN_UNUSED_FUNCTION = YES;
				GCC_WARN_UNUSED_VARIABLE = YES;
				IPHONEOS_DEPLOYMENT_TARGET = 15.5;
				MTL_ENABLE_DEBUG_INFO = NO;
				MTL_FAST_MATH = YES;
				SDKROOT = iphoneos;
				SWIFT_COMPILATION_MODE = wholemodule;
				SWIFT_OPTIMIZATION_LEVEL = "-O";
				VALIDATE_PRODUCT = YES;
			};
			name = Release;
		};
		A84EE190293D9DF000AEF1C9 /* Debug */ = {
			isa = XCBuildConfiguration;
			buildSettings = {
				ASSETCATALOG_COMPILER_APPICON_NAME = AppIcon;
				ASSETCATALOG_COMPILER_GLOBAL_ACCENT_COLOR_NAME = AccentColor;
				CODE_SIGN_STYLE = Automatic;
				CURRENT_PROJECT_VERSION = 1;
				DEVELOPMENT_ASSET_PATHS = "\"UI Task/Preview Content\"";
				ENABLE_PREVIEWS = YES;
				GENERATE_INFOPLIST_FILE = YES;
				INFOPLIST_KEY_UIApplicationSceneManifest_Generation = YES;
				INFOPLIST_KEY_UIApplicationSupportsIndirectInputEvents = YES;
				INFOPLIST_KEY_UILaunchScreen_Generation = YES;
				INFOPLIST_KEY_UISupportedInterfaceOrientations_iPad = "UIInterfaceOrientationPortrait UIInterfaceOrientationPortraitUpsideDown UIInterfaceOrientationLandscapeLeft UIInterfaceOrientationLandscapeRight";
				INFOPLIST_KEY_UISupportedInterfaceOrientations_iPhone = "UIInterfaceOrientationPortrait UIInterfaceOrientationLandscapeLeft UIInterfaceOrientationLandscapeRight";
				LD_RUNPATH_SEARCH_PATHS = (
					"$(inherited)",
					"@executable_path/Frameworks",
				);
				MARKETING_VERSION = 1.0;
				PRODUCT_BUNDLE_IDENTIFIER = "Noob.UI-Task";
				PRODUCT_NAME = "$(TARGET_NAME)";
				SWIFT_EMIT_LOC_STRINGS = YES;
				SWIFT_VERSION = 5.0;
				TARGETED_DEVICE_FAMILY = "1,2";
			};
			name = Debug;
		};
		A84EE191293D9DF000AEF1C9 /* Release */ = {
			isa = XCBuildConfiguration;
			buildSettings = {
				ASSETCATALOG_COMPILER_APPICON_NAME = AppIcon;
				ASSETCATALOG_COMPILER_GLOBAL_ACCENT_COLOR_NAME = AccentColor;
				CODE_SIGN_STYLE = Automatic;
				CURRENT_PROJECT_VERSION = 1;
				DEVELOPMENT_ASSET_PATHS = "\"UI Task/Preview Content\"";
				ENABLE_PREVIEWS = YES;
				GENERATE_INFOPLIST_FILE = YES;
				INFOPLIST_KEY_UIApplicationSceneManifest_Generation = YES;
				INFOPLIST_KEY_UIApplicationSupportsIndirectInputEvents = YES;
				INFOPLIST_KEY_UILaunchScreen_Generation = YES;
				INFOPLIST_KEY_UISupportedInterfaceOrientations_iPad = "UIInterfaceOrientationPortrait UIInterfaceOrientationPortraitUpsideDown UIInterfaceOrientationLandscapeLeft UIInterfaceOrientationLandscapeRight";
				INFOPLIST_KEY_UISupportedInterfaceOrientations_iPhone = "UIInterfaceOrientationPortrait UIInterfaceOrientationLandscapeLeft UIInterfaceOrientationLandscapeRight";
				LD_RUNPATH_SEARCH_PATHS = (
					"$(inherited)",
					"@executable_path/Frameworks",
				);
				MARKETING_VERSION = 1.0;
				PRODUCT_BUNDLE_IDENTIFIER = "Noob.UI-Task";
				PRODUCT_NAME = "$(TARGET_NAME)";
				SWIFT_EMIT_LOC_STRINGS = YES;
				SWIFT_VERSION = 5.0;
				TARGETED_DEVICE_FAMILY = "1,2";
			};
			name = Release;
		};
		A84EE193293D9DF000AEF1C9 /* Debug */ = {
			isa = XCBuildConfiguration;
			buildSettings = {
				ALWAYS_EMBED_SWIFT_STANDARD_LIBRARIES = YES;
				BUNDLE_LOADER = "$(TEST_HOST)";
				CODE_SIGN_STYLE = Automatic;
				CURRENT_PROJECT_VERSION = 1;
				GENERATE_INFOPLIST_FILE = YES;
				IPHONEOS_DEPLOYMENT_TARGET = 15.5;
				MARKETING_VERSION = 1.0;
				PRODUCT_BUNDLE_IDENTIFIER = "Noob.UI-TaskTests";
				PRODUCT_NAME = "$(TARGET_NAME)";
				SWIFT_EMIT_LOC_STRINGS = NO;
				SWIFT_VERSION = 5.0;
				TARGETED_DEVICE_FAMILY = "1,2";
				TEST_HOST = "$(BUILT_PRODUCTS_DIR)/UI Task.app/UI Task";
			};
			name = Debug;
		};
		A84EE194293D9DF000AEF1C9 /* Release */ = {
			isa = XCBuildConfiguration;
			buildSettings = {
				ALWAYS_EMBED_SWIFT_STANDARD_LIBRARIES = YES;
				BUNDLE_LOADER = "$(TEST_HOST)";
				CODE_SIGN_STYLE = Automatic;
				CURRENT_PROJECT_VERSION = 1;
				GENERATE_INFOPLIST_FILE = YES;
				IPHONEOS_DEPLOYMENT_TARGET = 15.5;
				MARKETING_VERSION = 1.0;
				PRODUCT_BUNDLE_IDENTIFIER = "Noob.UI-TaskTests";
				PRODUCT_NAME = "$(TARGET_NAME)";
				SWIFT_EMIT_LOC_STRINGS = NO;
				SWIFT_VERSION = 5.0;
				TARGETED_DEVICE_FAMILY = "1,2";
				TEST_HOST = "$(BUILT_PRODUCTS_DIR)/UI Task.app/UI Task";
			};
			name = Release;
		};
		A84EE196293D9DF000AEF1C9 /* Debug */ = {
			isa = XCBuildConfiguration;
			buildSettings = {
				ALWAYS_EMBED_SWIFT_STANDARD_LIBRARIES = YES;
				CODE_SIGN_STYLE = Automatic;
				CURRENT_PROJECT_VERSION = 1;
				GENERATE_INFOPLIST_FILE = YES;
				MARKETING_VERSION = 1.0;
				PRODUCT_BUNDLE_IDENTIFIER = "Noob.UI-TaskUITests";
				PRODUCT_NAME = "$(TARGET_NAME)";
				SWIFT_EMIT_LOC_STRINGS = NO;
				SWIFT_VERSION = 5.0;
				TARGETED_DEVICE_FAMILY = "1,2";
				TEST_TARGET_NAME = "UI Task";
			};
			name = Debug;
		};
		A84EE197293D9DF000AEF1C9 /* Release */ = {
			isa = XCBuildConfiguration;
			buildSettings = {
				ALWAYS_EMBED_SWIFT_STANDARD_LIBRARIES = YES;
				CODE_SIGN_STYLE = Automatic;
				CURRENT_PROJECT_VERSION = 1;
				GENERATE_INFOPLIST_FILE = YES;
				MARKETING_VERSION = 1.0;
				PRODUCT_BUNDLE_IDENTIFIER = "Noob.UI-TaskUITests";
				PRODUCT_NAME = "$(TARGET_NAME)";
				SWIFT_EMIT_LOC_STRINGS = NO;
				SWIFT_VERSION = 5.0;
				TARGETED_DEVICE_FAMILY = "1,2";
				TEST_TARGET_NAME = "UI Task";
			};
			name = Release;
		};
/* End XCBuildConfiguration section */

/* Begin XCConfigurationList section */
		A84EE166293D9DEE00AEF1C9 /* Build configuration list for PBXProject "UI Task" */ = {
			isa = XCConfigurationList;
			buildConfigurations = (
				A84EE18D293D9DF000AEF1C9 /* Debug */,
				A84EE18E293D9DF000AEF1C9 /* Release */,
			);
			defaultConfigurationIsVisible = 0;
			defaultConfigurationName = Release;
		};
		A84EE18F293D9DF000AEF1C9 /* Build configuration list for PBXNativeTarget "UI Task" */ = {
			isa = XCConfigurationList;
			buildConfigurations = (
				A84EE190293D9DF000AEF1C9 /* Debug */,
				A84EE191293D9DF000AEF1C9 /* Release */,
			);
			defaultConfigurationIsVisible = 0;
			defaultConfigurationName = Release;
		};
		A84EE192293D9DF000AEF1C9 /* Build configuration list for PBXNativeTarget "UI TaskTests" */ = {
			isa = XCConfigurationList;
			buildConfigurations = (
				A84EE193293D9DF000AEF1C9 /* Debug */,
				A84EE194293D9DF000AEF1C9 /* Release */,
			);
			defaultConfigurationIsVisible = 0;
			defaultConfigurationName = Release;
		};
		A84EE195293D9DF000AEF1C9 /* Build configuration list for PBXNativeTarget "UI TaskUITests" */ = {
			isa = XCConfigurationList;
			buildConfigurations = (
				A84EE196293D9DF000AEF1C9 /* Debug */,
				A84EE197293D9DF000AEF1C9 /* Release */,
			);
			defaultConfigurationIsVisible = 0;
			defaultConfigurationName = Release;
		};
/* End XCConfigurationList section */
	};
	rootObject = A84EE163293D9DEE00AEF1C9 /* Project object */;
}
